
Microsoft Visual Studio Solution File, Format Version 11.00
# Visual Studio 2010
Project("{8BC9CEB8-8B4A-11D0-8D11-00A0C91BC942}") = "Test", "Test\Test.vcxproj", "{CCBE9C14-F52F-49FD-8C86-3CD6FAFB6C01}"
EndProject
Global
	GlobalSection(SolutionConfigurationPlatforms) = preSolution
		Debug|Win32 = Debug|Win32
		Release|Win32 = Release|Win32
	EndGlobalSection
	GlobalSection(ProjectConfigurationPlatforms) = postSolution
		{CCBE9C14-F52F-49FD-8C86-3CD6FAFB6C01}.Debug|Win32.ActiveCfg = Debug|Win32
		{CCBE9C14-F52F-49FD-8C86-3CD6FAFB6C01}.Debug|Win32.Build.0 = Debug|Win32
		{CCBE9C14-F52F-49FD-8C86-3CD6FAFB6C01}.Release|Win32.ActiveCfg = Release|Win32
		{CCBE9C14-F52F-49FD-8C86-3CD6FAFB6C01}.Release|Win32.Build.0 = Release|Win32
	EndGlobalSection
	GlobalSection(SolutionProperties) = preSolution
		HideSolutionNode = FALSE
	EndGlobalSection
EndGlobal
